{
  "name": "ns3-bgp-netgen-ng",
  "version": "0.0.1",
  "lockfileVersion": 1,
  "requires": true,
  "dependencies": {
    "@korzio/djv-draft-04": {
      "version": "2.0.1",
      "resolved": "https://registry.npmjs.org/@korzio/djv-draft-04/-/djv-draft-04-2.0.1.tgz",
      "integrity": "sha512-MeTVcNsfCIYxK6T7jW1sroC7dBAb4IfLmQe6RoCqlxHN5NFkzNpgdnBPR+/0D2wJDUJHM9s9NQv+ouhxKjvUjg==",
      "optional": true
    },
    "djv": {
      "version": "2.1.2",
      "resolved": "https://registry.npmjs.org/djv/-/djv-2.1.2.tgz",
      "integrity": "sha512-ltQSINn+7aMTp7pKeQpfZg2ACd/Gy6VrL3LYuT25/plwPBb7xlGOekr463Luqn816AWJLuP7KZQGFct2JICyeA==",
      "requires": {
        "@korzio/djv-draft-04": "^2.0.1"
      }
    }
  }
}
